{
  "name": "fiori-list-report",
  "lockfileVersion": 3,
  "requires": true,
  "packages": {
    "": {
      "devDependencies": {
        "@sapui5/ts-types": "^1.140.0"
      }
    },
    "node_modules/@sapui5/ts-types": {
      "version": "1.140.0",
      "resolved": "https://registry.npmjs.org/@sapui5/ts-types/-/ts-types-1.140.0.tgz",
      "integrity": "sha512-Dl70UAdzbbBGBwpMSR9JadwvhLdzbojCVoEWm1g37PyRmp7HtqtgWDp/XTL3eaWrYEmP1QGgk5oM6hEN6cvg3Q==",
      "dev": true,
      "license": "SEE LICENSE IN LICENSE.txt"
    }
  }
}
